// !$*UTF8*$!
{
	archiveVersion = 1;
	classes = {
	};
	objectVersion = 50;
	objects = {

/* Begin PBXBuildFile section */
		F86ED8A92495293000F316E8 /* AppDelegate.swift in Sources */ = {isa = PBXBuildFile; fileRef = F86ED8A82495293000F316E8 /* AppDelegate.swift */; };
		F86ED8AB2495293000F316E8 /* SceneDelegate.swift in Sources */ = {isa = PBXBuildFile; fileRef = F86ED8AA2495293000F316E8 /* SceneDelegate.swift */; };
		F86ED8AD2495293000F316E8 /* ViewController.swift in Sources */ = {isa = PBXBuildFile; fileRef = F86ED8AC2495293000F316E8 /* ViewController.swift */; };
		F86ED8B02495293000F316E8 /* Main.storyboard in Resources */ = {isa = PBXBuildFile; fileRef = F86ED8AE2495293000F316E8 /* Main.storyboard */; };
		F86ED8B32495293000F316E8 /* reservation_UIKit.xcdatamodeld in Sources */ = {isa = PBXBuildFile; fileRef = F86ED8B12495293000F316E8 /* reservation_UIKit.xcdatamodeld */; };
		F86ED8B52495293400F316E8 /* Assets.xcassets in Resources */ = {isa = PBXBuildFile; fileRef = F86ED8B42495293400F316E8 /* Assets.xcassets */; };
		F86ED8B82495293400F316E8 /* LaunchScreen.storyboard in Resources */ = {isa = PBXBuildFile; fileRef = F86ED8B62495293400F316E8 /* LaunchScreen.storyboard */; };
		F86ED8C4249534F500F316E8 /* Home.swift in Sources */ = {isa = PBXBuildFile; fileRef = F86ED8C3249534F500F316E8 /* Home.swift */; };
		F86ED8C624953A6500F316E8 /* HomeController.swift in Sources */ = {isa = PBXBuildFile; fileRef = F86ED8C524953A6500F316E8 /* HomeController.swift */; };
/* End PBXBuildFile section */

/* Begin PBXFileReference section */
		F86ED8A52495293000F316E8 /* reservation_UIKit.app */ = {isa = PBXFileReference; explicitFileType = wrapper.application; includeInIndex = 0; path = reservation_UIKit.app; sourceTree = BUILT_PRODUCTS_DIR; };
		F86ED8A82495293000F316E8 /* AppDelegate.swift */ = {isa = PBXFileReference; lastKnownFileType = sourcecode.swift; path = AppDelegate.swift; sourceTree = "<group>"; };
		F86ED8AA2495293000F316E8 /* SceneDelegate.swift */ = {isa = PBXFileReference; lastKnownFileType = sourcecode.swift; path = SceneDelegate.swift; sourceTree = "<group>"; };
		F86ED8AC2495293000F316E8 /* ViewController.swift */ = {isa = PBXFileReference; lastKnownFileType = sourcecode.swift; path = ViewController.swift; sourceTree = "<group>"; };
		F86ED8AF2495293000F316E8 /* Base */ = {isa = PBXFileReference; lastKnownFileType = file.storyboard; name = Base; path = Base.lproj/Main.storyboard; sourceTree = "<group>"; };
		F86ED8B22495293000F316E8 /* reservation_UIKit.xcdatamodel */ = {isa = PBXFileReference; lastKnownFileType = wrapper.xcdatamodel; path = reservation_UIKit.xcdatamodel; sourceTree = "<group>"; };
		F86ED8B42495293400F316E8 /* Assets.xcassets */ = {isa = PBXFileReference; lastKnownFileType = folder.assetcatalog; path = Assets.xcassets; sourceTree = "<group>"; };
		F86ED8B72495293400F316E8 /* Base */ = {isa = PBXFileReference; lastKnownFileType = file.storyboard; name = Base; path = Base.lproj/LaunchScreen.storyboard; sourceTree = "<group>"; };
		F86ED8B92495293400F316E8 /* Info.plist */ = {isa = PBXFileReference; lastKnownFileType = text.plist.xml; path = Info.plist; sourceTree = "<group>"; };
		F86ED8C3249534F500F316E8 /* Home.swift */ = {isa = PBXFileReference; lastKnownFileType = sourcecode.swift; path = Home.swift; sourceTree = "<group>"; };
		F86ED8C524953A6500F316E8 /* HomeController.swift */ = {isa = PBXFileReference; lastKnownFileType = sourcecode.swift; path = HomeController.swift; sourceTree = "<group>"; };
/* End PBXFileReference section */

/* Begin PBXFrameworksBuildPhase section */
		F86ED8A22495293000F316E8 /* Frameworks */ = {
			isa = PBXFrameworksBuildPhase;
			buildActionMask = 2147483647;
			files = (
			);
			runOnlyForDeploymentPostprocessing = 0;
		};
/* End PBXFrameworksBuildPhase section */

/* Begin PBXGroup section */
		F86ED89C2495293000F316E8 = {
			isa = PBXGroup;
			children = (
				F86ED8C3249534F500F316E8 /* Home.swift */,
				F86ED8A72495293000F316E8 /* reservation_UIKit */,
				F86ED8A62495293000F316E8 /* Products */,
			);
			sourceTree = "<group>";
		};
		F86ED8A62495293000F316E8 /* Products */ = {
			isa = PBXGroup;
			children = (
				F86ED8A52495293000F316E8 /* reservation_UIKit.app */,
			);
			name = Products;
			sourceTree = "<group>";
		};
		F86ED8A72495293000F316E8 /* reservation_UIKit */ = {
			isa = PBXGroup;
			children = (
				F86ED8A82495293000F316E8 /* AppDelegate.swift */,
				F86ED8AA2495293000F316E8 /* SceneDelegate.swift */,
				F86ED8C524953A6500F316E8 /* HomeController.swift */,
				F86ED8AC2495293000F316E8 /* ViewController.swift */,
				F86ED8AE2495293000F316E8 /* Main.storyboard */,
				F86ED8B42495293400F316E8 /* Assets.xcassets */,
				F86ED8B62495293400F316E8 /* LaunchScreen.storyboard */,
				F86ED8B92495293400F316E8 /* Info.plist */,
				F86ED8B12495293000F316E8 /* reservation_UIKit.xcdatamodeld */,
			);
			path = reservation_UIKit;
			sourceTree = "<group>";
		};
/* End PBXGroup section */

/* Begin PBXNativeTarget section */
		F86ED8A42495293000F316E8 /* reservation_UIKit */ = {
			isa = PBXNativeTarget;
			buildConfigurationList = F86ED8BC2495293400F316E8 /* Build configuration list for PBXNativeTarget "reservation_UIKit" */;
			buildPhases = (
				F86ED8A12495293000F316E8 /* Sources */,
				F86ED8A22495293000F316E8 /* Frameworks */,
				F86ED8A32495293000F316E8 /* Resources */,
			);
			buildRules = (
			);
			dependencies = (
			);
			name = reservation_UIKit;
			productName = reservation_UIKit;
			productReference = F86ED8A52495293000F316E8 /* reservation_UIKit.app */;
			productType = "com.apple.product-type.application";
		};
/* End PBXNativeTarget section */

/* Begin PBXProject section */
		F86ED89D2495293000F316E8 /* Project object */ = {
			isa = PBXProject;
			attributes = {
				LastSwiftUpdateCheck = 1130;
				LastUpgradeCheck = 1130;
				ORGANIZATIONNAME = "이수연";
				TargetAttributes = {
					F86ED8A42495293000F316E8 = {
						CreatedOnToolsVersion = 11.3.1;
					};
				};
			};
			buildConfigurationList = F86ED8A02495293000F316E8 /* Build configuration list for PBXProject "reservation_UIKit" */;
			compatibilityVersion = "Xcode 9.3";
			developmentRegion = en;
			hasScannedForEncodings = 0;
			knownRegions = (
				en,
				Base,
			);
			mainGroup = F86ED89C2495293000F316E8;
			productRefGroup = F86ED8A62495293000F316E8 /* Products */;
			projectDirPath = "";
			projectRoot = "";
			targets = (
				F86ED8A42495293000F316E8 /* reservation_UIKit */,
			);
		};
/* End PBXProject section */

/* Begin PBXResourcesBuildPhase section */
		F86ED8A32495293000F316E8 /* Resources */ = {
			isa = PBXResourcesBuildPhase;
			buildActionMask = 2147483647;
			files = (
				F86ED8B82495293400F316E8 /* LaunchScreen.storyboard in Resources */,
				F86ED8B52495293400F316E8 /* Assets.xcassets in Resources */,
				F86ED8B02495293000F316E8 /* Main.storyboard in Resources */,
			);
			runOnlyForDeploymentPostprocessing = 0;
		};
/* End PBXResourcesBuildPhase section */

/* Begin PBXSourcesBuildPhase section */
		F86ED8A12495293000F316E8 /* Sources */ = {
			isa = PBXSourcesBuildPhase;
			buildActionMask = 2147483647;
			files = (
				F86ED8AD2495293000F316E8 /* ViewController.swift in Sources */,
				F86ED8B32495293000F316E8 /* reservation_UIKit.xcdatamodeld in Sources */,
				F86ED8C624953A6500F316E8 /* HomeController.swift in Sources */,
				F86ED8C4249534F500F316E8 /* Home.swift in Sources */,
				F86ED8A92495293000F316E8 /* AppDelegate.swift in Sources */,
				F86ED8AB2495293000F316E8 /* SceneDelegate.swift in Sources */,
			);
			runOnlyForDeploymentPostprocessing = 0;
		};
/* End PBXSourcesBuildPhase section */

/* Begin PBXVariantGroup section */
		F86ED8AE2495293000F316E8 /* Main.storyboard */ = {
			isa = PBXVariantGroup;
			children = (
				F86ED8AF2495293000F316E8 /* Base */,
			);
			name = Main.storyboard;
			sourceTree = "<group>";
		};
		F86ED8B62495293400F316E8 /* LaunchScreen.storyboard */ = {
			isa = PBXVariantGroup;
			children = (
				F86ED8B72495293400F316E8 /* Base */,
			);
			name = LaunchScreen.storyboard;
			sourceTree = "<group>";
		};
/* End PBXVariantGroup section */

/* Begin XCBuildConfiguration section */
		F86ED8BA2495293400F316E8 /* Debug */ = {
			isa = XCBuildConfiguration;
			buildSettings = {
				ALWAYS_SEARCH_USER_PATHS = NO;
				CLANG_ANALYZER_NONNULL = YES;
				CLANG_ANALYZER_NUMBER_OBJECT_CONVERSION = YES_AGGRESSIVE;
				CLANG_CXX_LANGUAGE_STANDARD = "gnu++14";
				CLANG_CXX_LIBRARY = "libc++";
				CLANG_ENABLE_MODULES = YES;
				CLANG_ENABLE_OBJC_ARC = YES;
				CLANG_ENABLE_OBJC_WEAK = YES;
				CLANG_WARN_BLOCK_CAPTURE_AUTORELEASING = YES;
				CLANG_WARN_BOOL_CONVERSION = YES;
				CLANG_WARN_COMMA = YES;
				CLANG_WARN_CONSTANT_CONVERSION = YES;
				CLANG_WARN_DEPRECATED_OBJC_IMPLEMENTATIONS = YES;
				CLANG_WARN_DIRECT_OBJC_ISA_USAGE = YES_ERROR;
				CLANG_WARN_DOCUMENTATION_COMMENTS = YES;
				CLANG_WARN_EMPTY_BODY = YES;
				CLANG_WARN_ENUM_CONVERSION = YES;
				CLANG_WARN_INFINITE_RECURSION = YES;
				CLANG_WARN_INT_CONVERSION = YES;
				CLANG_WARN_NON_LITERAL_NULL_CONVERSION = YES;
				CLANG_WARN_OBJC_IMPLICIT_RETAIN_SELF = YES;
				CLANG_WARN_OBJC_LITERAL_CONVERSION = YES;
				CLANG_WARN_OBJC_ROOT_CLASS = YES_ERROR;
				CLANG_WARN_RANGE_LOOP_ANALYSIS = YES;
				CLANG_WARN_STRICT_PROTOTYPES = YES;
				CLANG_WARN_SUSPICIOUS_MOVE = YES;
				CLANG_WARN_UNGUARDED_AVAILABILITY = YES_AGGRESSIVE;
				CLANG_WARN_UNREACHABLE_CODE = YES;
				CLANG_WARN__DUPLICATE_METHOD_MATCH = YES;
				COPY_PHASE_STRIP = NO;
				DEBUG_INFORMATION_FORMAT = dwarf;
				ENABLE_STRICT_OBJC_MSGSEND = YES;
				ENABLE_TESTABILITY = YES;
				GCC_C_LANGUAGE_STANDARD = gnu11;
				GCC_DYNAMIC_NO_PIC = NO;
				GCC_NO_COMMON_BLOCKS = YES;
				GCC_OPTIMIZATION_LEVEL = 0;
				GCC_PREPROCESSOR_DEFINITIONS = (
					"DEBUG=1",
					"$(inherited)",
				);
				GCC_WARN_64_TO_32_BIT_CONVERSION = YES;
				GCC_WARN_ABOUT_RETURN_TYPE = YES_ERROR;
				GCC_WARN_UNDECLARED_SELECTOR = YES;
				GCC_WARN_UNINITIALIZED_AUTOS = YES_AGGRESSIVE;
				GCC_WARN_UNUSED_FUNCTION = YES;
				GCC_WARN_UNUSED_VARIABLE = YES;
				IPHONEOS_DEPLOYMENT_TARGET = 13.2;
				MTL_ENABLE_DEBUG_INFO = INCLUDE_SOURCE;
				MTL_FAST_MATH = YES;
				ONLY_ACTIVE_ARCH = YES;
				SDKROOT = iphoneos;
				SWIFT_ACTIVE_COMPILATION_CONDITIONS = DEBUG;
				SWIFT_OPTIMIZATION_LEVEL = "-Onone";
			};
			name = Debug;
		};
		F86ED8BB2495293400F316E8 /* Release */ = {
			isa = XCBuildConfiguration;
			buildSettings = {
				ALWAYS_SEARCH_USER_PATHS = NO;
				CLANG_ANALYZER_NONNULL = YES;
				CLANG_ANALYZER_NUMBER_OBJECT_CONVERSION = YES_AGGRESSIVE;
				CLANG_CXX_LANGUAGE_STANDARD = "gnu++14";
				CLANG_CXX_LIBRARY = "libc++";
				CLANG_ENABLE_MODULES = YES;
				CLANG_ENABLE_OBJC_ARC = YES;
				CLANG_ENABLE_OBJC_WEAK = YES;
				CLANG_WARN_BLOCK_CAPTURE_AUTORELEASING = YES;
				CLANG_WARN_BOOL_CONVERSION = YES;
				CLANG_WARN_COMMA = YES;
				CLANG_WARN_CONSTANT_CONVERSION = YES;
				CLANG_WARN_DEPRECATED_OBJC_IMPLEMENTATIONS = YES;
				CLANG_WARN_DIRECT_OBJC_ISA_USAGE = YES_ERROR;
				CLANG_WARN_DOCUMENTATION_COMMENTS = YES;
				CLANG_WARN_EMPTY_BODY = YES;
				CLANG_WARN_ENUM_CONVERSION = YES;
				CLANG_WARN_INFINITE_RECURSION = YES;
				CLANG_WARN_INT_CONVERSION = YES;
				CLANG_WARN_NON_LITERAL_NULL_CONVERSION = YES;
				CLANG_WARN_OBJC_IMPLICIT_RETAIN_SELF = YES;
				CLANG_WARN_OBJC_LITERAL_CONVERSION = YES;
				CLANG_WARN_OBJC_ROOT_CLASS = YES_ERROR;
				CLANG_WARN_RANGE_LOOP_ANALYSIS = YES;
				CLANG_WARN_STRICT_PROTOTYPES = YES;
				CLANG_WARN_SUSPICIOUS_MOVE = YES;
				CLANG_WARN_UNGUARDED_AVAILABILITY = YES_AGGRESSIVE;
				CLANG_WARN_UNREACHABLE_CODE = YES;
				CLANG_WARN__DUPLICATE_METHOD_MATCH = YES;
				COPY_PHASE_STRIP = NO;
				DEBUG_INFORMATION_FORMAT = "dwarf-with-dsym";
				ENABLE_NS_ASSERTIONS = NO;
				ENABLE_STRICT_OBJC_MSGSEND = YES;
				GCC_C_LANGUAGE_STANDARD = gnu11;
				GCC_NO_COMMON_BLOCKS = YES;
				GCC_WARN_64_TO_32_BIT_CONVERSION = YES;
				GCC_WARN_ABOUT_RETURN_TYPE = YES_ERROR;
				GCC_WARN_UNDECLARED_SELECTOR = YES;
				GCC_WARN_UNINITIALIZED_AUTOS = YES_AGGRESSIVE;
				GCC_WARN_UNUSED_FUNCTION = YES;
				GCC_WARN_UNUSED_VARIABLE = YES;
				IPHONEOS_DEPLOYMENT_TARGET = 13.2;
				MTL_ENABLE_DEBUG_INFO = NO;
				MTL_FAST_MATH = YES;
				SDKROOT = iphoneos;
				SWIFT_COMPILATION_MODE = wholemodule;
				SWIFT_OPTIMIZATION_LEVEL = "-O";
				VALIDATE_PRODUCT = YES;
			};
			name = Release;
		};
		F86ED8BD2495293400F316E8 /* Debug */ = {
			isa = XCBuildConfiguration;
			buildSettings = {
				ASSETCATALOG_COMPILER_APPICON_NAME = AppIcon;
				CODE_SIGN_STYLE = Automatic;
				DEVELOPMENT_TEAM = VPWLWTA7GD;
				INFOPLIST_FILE = reservation_UIKit/Info.plist;
				LD_RUNPATH_SEARCH_PATHS = (
					"$(inherited)",
					"@executable_path/Frameworks",
				);
				PRODUCT_BUNDLE_IDENTIFIER = "com.reservation-UIKit";
				PRODUCT_NAME = "$(TARGET_NAME)";
				SWIFT_VERSION = 5.0;
				TARGETED_DEVICE_FAMILY = "1,2";
			};
			name = Debug;
		};
		F86ED8BE2495293400F316E8 /* Release */ = {
			isa = XCBuildConfiguration;
			buildSettings = {
				ASSETCATALOG_COMPILER_APPICON_NAME = AppIcon;
				CODE_SIGN_STYLE = Automatic;
				DEVELOPMENT_TEAM = VPWLWTA7GD;
				INFOPLIST_FILE = reservation_UIKit/Info.plist;
				LD_RUNPATH_SEARCH_PATHS = (
					"$(inherited)",
					"@executable_path/Frameworks",
				);
				PRODUCT_BUNDLE_IDENTIFIER = "com.reservation-UIKit";
				PRODUCT_NAME = "$(TARGET_NAME)";
				SWIFT_VERSION = 5.0;
				TARGETED_DEVICE_FAMILY = "1,2";
			};
			name = Release;
		};
/* End XCBuildConfiguration section */

/* Begin XCConfigurationList section */
		F86ED8A02495293000F316E8 /* Build configuration list for PBXProject "reservation_UIKit" */ = {
			isa = XCConfigurationList;
			buildConfigurations = (
				F86ED8BA2495293400F316E8 /* Debug */,
				F86ED8BB2495293400F316E8 /* Release */,
			);
			defaultConfigurationIsVisible = 0;
			defaultConfigurationName = Release;
		};
		F86ED8BC2495293400F316E8 /* Build configuration list for PBXNativeTarget "reservation_UIKit" */ = {
			isa = XCConfigurationList;
			buildConfigurations = (
				F86ED8BD2495293400F316E8 /* Debug */,
				F86ED8BE2495293400F316E8 /* Release */,
			);
			defaultConfigurationIsVisible = 0;
			defaultConfigurationName = Release;
		};
/* End XCConfigurationList section */

/* Begin XCVersionGroup section */
		F86ED8B12495293000F316E8 /* reservation_UIKit.xcdatamodeld */ = {
			isa = XCVersionGroup;
			children = (
				F86ED8B22495293000F316E8 /* reservation_UIKit.xcdatamodel */,
			);
			currentVersion = F86ED8B22495293000F316E8 /* reservation_UIKit.xcdatamodel */;
			path = reservation_UIKit.xcdatamodeld;
			sourceTree = "<group>";
			versionGroupType = wrapper.xcdatamodel;
		};
/* End XCVersionGroup section */
	};
	rootObject = F86ED89D2495293000F316E8 /* Project object */;
}
